
Microsoft Visual Studio Solution File, Format Version 12.00
# Visual Studio Version 17
VisualStudioVersion = 17.14.36518.9
MinimumVisualStudioVersion = 10.0.40219.1
Project("{FAE04EC0-301F-11D3-BF4B-00C04F79EFBC}") = "Tyuiu.YachmenevaPV.Sprint7.Project.V5.Lib", "Tyuiu.YachmenevaPV.Sprint7.Project.V5.Lib\Tyuiu.YachmenevaPV.Sprint7.Project.V5.Lib.csproj", "{2F7B2C3F-2C6F-4B4C-B0EB-4444D3E86F44}"
EndProject
Project("{FAE04EC0-301F-11D3-BF4B-00C04F79EFBC}") = "Tyuiu.YachmenevaPV.Sprint7.Project.V5.Test", "Tyuiu.YachmenevaPV.Sprint7.Project.V5.Test\Tyuiu.YachmenevaPV.Sprint7.Project.V5.Test.csproj", "{D99F822D-4DCE-4228-96C5-597707503BF9}"
EndProject
Project("{FAE04EC0-301F-11D3-BF4B-00C04F79EFBC}") = "Tyuiu.YachmenevaPV.Sprint7.Project.V5", "Tyuiu.YachmenevaPV.Sprint7.Project.V5\Tyuiu.YachmenevaPV.Sprint7.Project.V5.csproj", "{0DE1255C-C9C1-403B-9F3F-8A14E4209D28}"
EndProject
Global
	GlobalSection(SolutionConfigurationPlatforms) = preSolution
		Debug|Any CPU = Debug|Any CPU
		Release|Any CPU = Release|Any CPU
	EndGlobalSection
	GlobalSection(ProjectConfigurationPlatforms) = postSolution
		{2F7B2C3F-2C6F-4B4C-B0EB-4444D3E86F44}.Debug|Any CPU.ActiveCfg = Debug|Any CPU
		{2F7B2C3F-2C6F-4B4C-B0EB-4444D3E86F44}.Debug|Any CPU.Build.0 = Debug|Any CPU
		{2F7B2C3F-2C6F-4B4C-B0EB-4444D3E86F44}.Release|Any CPU.ActiveCfg = Release|Any CPU
		{2F7B2C3F-2C6F-4B4C-B0EB-4444D3E86F44}.Release|Any CPU.Build.0 = Release|Any CPU
		{D99F822D-4DCE-4228-96C5-597707503BF9}.Debug|Any CPU.ActiveCfg = Debug|Any CPU
		{D99F822D-4DCE-4228-96C5-597707503BF9}.Debug|Any CPU.Build.0 = Debug|Any CPU
		{D99F822D-4DCE-4228-96C5-597707503BF9}.Release|Any CPU.ActiveCfg = Release|Any CPU
		{D99F822D-4DCE-4228-96C5-597707503BF9}.Release|Any CPU.Build.0 = Release|Any CPU
		{0DE1255C-C9C1-403B-9F3F-8A14E4209D28}.Debug|Any CPU.ActiveCfg = Debug|Any CPU
		{0DE1255C-C9C1-403B-9F3F-8A14E4209D28}.Debug|Any CPU.Build.0 = Debug|Any CPU
		{0DE1255C-C9C1-403B-9F3F-8A14E4209D28}.Release|Any CPU.ActiveCfg = Release|Any CPU
		{0DE1255C-C9C1-403B-9F3F-8A14E4209D28}.Release|Any CPU.Build.0 = Release|Any CPU
	EndGlobalSection
	GlobalSection(SolutionProperties) = preSolution
		HideSolutionNode = FALSE
	EndGlobalSection
	GlobalSection(ExtensibilityGlobals) = postSolution
		SolutionGuid = {ADADC8D2-6A3B-4B65-95BB-CA99C17C800B}
	EndGlobalSection
EndGlobal
